
Microsoft Visual Studio Solution File, Format Version 12.00
# Visual Studio Version 17
VisualStudioVersion = 17.5.002.0
MinimumVisualStudioVersion = 10.0.40219.1
Project("{9A19103F-16F7-4668-BE54-9A1E7A4F7556}") = "Stopwatch", "Stopwatch.csproj", "{9F04D82F-5104-4B1A-AD64-1D7BDEB47F38}"
EndProject
Global
	GlobalSection(SolutionConfigurationPlatforms) = preSolution
		Debug|Any CPU = Debug|Any CPU
		Release|Any CPU = Release|Any CPU
	EndGlobalSection
	GlobalSection(ProjectConfigurationPlatforms) = postSolution
		{9F04D82F-5104-4B1A-AD64-1D7BDEB47F38}.Debug|Any CPU.ActiveCfg = Debug|Any CPU
		{9F04D82F-5104-4B1A-AD64-1D7BDEB47F38}.Debug|Any CPU.Build.0 = Debug|Any CPU
		{9F04D82F-5104-4B1A-AD64-1D7BDEB47F38}.Release|Any CPU.ActiveCfg = Release|Any CPU
		{9F04D82F-5104-4B1A-AD64-1D7BDEB47F38}.Release|Any CPU.Build.0 = Release|Any CPU
	EndGlobalSection
	GlobalSection(SolutionProperties) = preSolution
		HideSolutionNode = FALSE
	EndGlobalSection
	GlobalSection(ExtensibilityGlobals) = postSolution
		SolutionGuid = {64CC5CC0-94A6-4C43-A8BB-97E9A6650C09}
	EndGlobalSection
EndGlobal
